
Microsoft Visual Studio Solution File, Format Version 12.00
# Visual Studio Version 17
VisualStudioVersion = 17.0.31912.275
MinimumVisualStudioVersion = 10.0.40219.1
Project("{FAE04EC0-301F-11D3-BF4B-00C04F79EFBC}") = "Get6MansPromotions", "Get6MansPromotions\Get6MansPromotions.csproj", "{46D4476D-20DD-43B3-B323-4D461C5B06AF}"
EndProject
Global
	GlobalSection(SolutionConfigurationPlatforms) = preSolution
		Debug|Any CPU = Debug|Any CPU
		Release|Any CPU = Release|Any CPU
	EndGlobalSection
	GlobalSection(ProjectConfigurationPlatforms) = postSolution
		{46D4476D-20DD-43B3-B323-4D461C5B06AF}.Debug|Any CPU.ActiveCfg = Debug|Any CPU
		{46D4476D-20DD-43B3-B323-4D461C5B06AF}.Debug|Any CPU.Build.0 = Debug|Any CPU
		{46D4476D-20DD-43B3-B323-4D461C5B06AF}.Release|Any CPU.ActiveCfg = Release|Any CPU
		{46D4476D-20DD-43B3-B323-4D461C5B06AF}.Release|Any CPU.Build.0 = Release|Any CPU
	EndGlobalSection
	GlobalSection(SolutionProperties) = preSolution
		HideSolutionNode = FALSE
	EndGlobalSection
	GlobalSection(ExtensibilityGlobals) = postSolution
		SolutionGuid = {5816FB72-E0AC-4A9F-B016-A1B0CB875879}
	EndGlobalSection
EndGlobal
